
Microsoft Visual Studio Solution File, Format Version 12.00
# Visual Studio Version 17
VisualStudioVersion = 17.4.33213.308
MinimumVisualStudioVersion = 10.0.40219.1
Project("{9A19103F-16F7-4668-BE54-9A1E7A4F7556}") = "CrudTest.Presentation.Server", "CrudTest.Presentation\Server\CrudTest.Presentation.Server.csproj", "{D2AD2F7D-C1E0-4C84-A2A4-6900CED15599}"
EndProject
Project("{9A19103F-16F7-4668-BE54-9A1E7A4F7556}") = "CrudTest.Presentation.Client", "CrudTest.Presentation\Client\CrudTest.Presentation.Client.csproj", "{817C1B83-0CAC-4345-A0BE-5CCF30B15C26}"
EndProject
Project("{9A19103F-16F7-4668-BE54-9A1E7A4F7556}") = "CrudTest.Presentation.Shared", "CrudTest.Presentation\Shared\CrudTest.Presentation.Shared.csproj", "{D6F1EC1A-CE1D-4E6D-B61D-07033DD442BE}"
EndProject
Project("{9A19103F-16F7-4668-BE54-9A1E7A4F7556}") = "CrudTest.AcceptanceTests", "CrudTest.AcceptanceTests\CrudTest.AcceptanceTests.csproj", "{6776DF76-1054-486C-A79A-57100C47032F}"
EndProject
Project("{2150E333-8FDC-42A3-9474-1A3956D46DE8}") = "Tests", "Tests", "{C2490A03-2780-4798-991A-265D1A97E7E2}"
EndProject
Project("{2150E333-8FDC-42A3-9474-1A3956D46DE8}") = "Src", "Src", "{7295BE6A-F7A6-45B0-9588-1AFD68ADCE54}"
EndProject
Project("{FAE04EC0-301F-11D3-BF4B-00C04F79EFBC}") = "DomainTest", "Tests\DomainTest\DomainTest.csproj", "{DF7E7B9C-3F91-453F-A4E3-3EE0F5595A12}"
EndProject
Project("{FAE04EC0-301F-11D3-BF4B-00C04F79EFBC}") = "Domain", "Src\Domain\Domain.csproj", "{9290E096-D552-47E9-B4F7-8608983E48F5}"
EndProject
Project("{FAE04EC0-301F-11D3-BF4B-00C04F79EFBC}") = "InfrastructureTest", "Tests\InfrastructureTest\InfrastructureTest.csproj", "{90E219E4-C4DA-4A34-AC48-850125BE59B7}"
EndProject
Project("{FAE04EC0-301F-11D3-BF4B-00C04F79EFBC}") = "Infrastructure", "Src\Infrastructure\Infrastructure.csproj", "{B8729F72-EBFF-45E6-BDC4-A2824482365A}"
EndProject
Project("{FAE04EC0-301F-11D3-BF4B-00C04F79EFBC}") = "ApplicationTest", "Tests\ApplicationTest\ApplicationTest.csproj", "{EB47B2CF-2CCE-4D3A-91E7-592454349D89}"
EndProject
Project("{FAE04EC0-301F-11D3-BF4B-00C04F79EFBC}") = "Application", "Src\Application\Application.csproj", "{78BDD3CB-C0DE-4B9E-A7ED-DE8BC18C3A9C}"
EndProject
Project("{FAE04EC0-301F-11D3-BF4B-00C04F79EFBC}") = "PresentationTest", "Tests\PresentationTest\PresentationTest.csproj", "{F741190A-9922-4EE7-AAF8-D476FFA1144D}"
EndProject
Project("{FAE04EC0-301F-11D3-BF4B-00C04F79EFBC}") = "PresentationAPI", "Src\PresentationAPI\PresentationAPI.csproj", "{971489B2-87E4-48A2-8860-73C3578120BA}"
EndProject
Global
	GlobalSection(SolutionConfigurationPlatforms) = preSolution
		Debug|Any CPU = Debug|Any CPU
		Release|Any CPU = Release|Any CPU
	EndGlobalSection
	GlobalSection(ProjectConfigurationPlatforms) = postSolution
		{D2AD2F7D-C1E0-4C84-A2A4-6900CED15599}.Debug|Any CPU.ActiveCfg = Debug|Any CPU
		{D2AD2F7D-C1E0-4C84-A2A4-6900CED15599}.Debug|Any CPU.Build.0 = Debug|Any CPU
		{D2AD2F7D-C1E0-4C84-A2A4-6900CED15599}.Release|Any CPU.ActiveCfg = Release|Any CPU
		{D2AD2F7D-C1E0-4C84-A2A4-6900CED15599}.Release|Any CPU.Build.0 = Release|Any CPU
		{817C1B83-0CAC-4345-A0BE-5CCF30B15C26}.Debug|Any CPU.ActiveCfg = Debug|Any CPU
		{817C1B83-0CAC-4345-A0BE-5CCF30B15C26}.Debug|Any CPU.Build.0 = Debug|Any CPU
		{817C1B83-0CAC-4345-A0BE-5CCF30B15C26}.Release|Any CPU.ActiveCfg = Release|Any CPU
		{817C1B83-0CAC-4345-A0BE-5CCF30B15C26}.Release|Any CPU.Build.0 = Release|Any CPU
		{D6F1EC1A-CE1D-4E6D-B61D-07033DD442BE}.Debug|Any CPU.ActiveCfg = Debug|Any CPU
		{D6F1EC1A-CE1D-4E6D-B61D-07033DD442BE}.Debug|Any CPU.Build.0 = Debug|Any CPU
		{D6F1EC1A-CE1D-4E6D-B61D-07033DD442BE}.Release|Any CPU.ActiveCfg = Release|Any CPU
		{D6F1EC1A-CE1D-4E6D-B61D-07033DD442BE}.Release|Any CPU.Build.0 = Release|Any CPU
		{6776DF76-1054-486C-A79A-57100C47032F}.Debug|Any CPU.ActiveCfg = Debug|Any CPU
		{6776DF76-1054-486C-A79A-57100C47032F}.Debug|Any CPU.Build.0 = Debug|Any CPU
		{6776DF76-1054-486C-A79A-57100C47032F}.Release|Any CPU.ActiveCfg = Release|Any CPU
		{6776DF76-1054-486C-A79A-57100C47032F}.Release|Any CPU.Build.0 = Release|Any CPU
		{DF7E7B9C-3F91-453F-A4E3-3EE0F5595A12}.Debug|Any CPU.ActiveCfg = Debug|Any CPU
		{DF7E7B9C-3F91-453F-A4E3-3EE0F5595A12}.Debug|Any CPU.Build.0 = Debug|Any CPU
		{DF7E7B9C-3F91-453F-A4E3-3EE0F5595A12}.Release|Any CPU.ActiveCfg = Release|Any CPU
		{DF7E7B9C-3F91-453F-A4E3-3EE0F5595A12}.Release|Any CPU.Build.0 = Release|Any CPU
		{9290E096-D552-47E9-B4F7-8608983E48F5}.Debug|Any CPU.ActiveCfg = Debug|Any CPU
		{9290E096-D552-47E9-B4F7-8608983E48F5}.Debug|Any CPU.Build.0 = Debug|Any CPU
		{9290E096-D552-47E9-B4F7-8608983E48F5}.Release|Any CPU.ActiveCfg = Release|Any CPU
		{9290E096-D552-47E9-B4F7-8608983E48F5}.Release|Any CPU.Build.0 = Release|Any CPU
		{90E219E4-C4DA-4A34-AC48-850125BE59B7}.Debug|Any CPU.ActiveCfg = Debug|Any CPU
		{90E219E4-C4DA-4A34-AC48-850125BE59B7}.Debug|Any CPU.Build.0 = Debug|Any CPU
		{90E219E4-C4DA-4A34-AC48-850125BE59B7}.Release|Any CPU.ActiveCfg = Release|Any CPU
		{90E219E4-C4DA-4A34-AC48-850125BE59B7}.Release|Any CPU.Build.0 = Release|Any CPU
		{B8729F72-EBFF-45E6-BDC4-A2824482365A}.Debug|Any CPU.ActiveCfg = Debug|Any CPU
		{B8729F72-EBFF-45E6-BDC4-A2824482365A}.Debug|Any CPU.Build.0 = Debug|Any CPU
		{B8729F72-EBFF-45E6-BDC4-A2824482365A}.Release|Any CPU.ActiveCfg = Release|Any CPU
		{B8729F72-EBFF-45E6-BDC4-A2824482365A}.Release|Any CPU.Build.0 = Release|Any CPU
		{EB47B2CF-2CCE-4D3A-91E7-592454349D89}.Debug|Any CPU.ActiveCfg = Debug|Any CPU
		{EB47B2CF-2CCE-4D3A-91E7-592454349D89}.Debug|Any CPU.Build.0 = Debug|Any CPU
		{EB47B2CF-2CCE-4D3A-91E7-592454349D89}.Release|Any CPU.ActiveCfg = Release|Any CPU
		{EB47B2CF-2CCE-4D3A-91E7-592454349D89}.Release|Any CPU.Build.0 = Release|Any CPU
		{78BDD3CB-C0DE-4B9E-A7ED-DE8BC18C3A9C}.Debug|Any CPU.ActiveCfg = Debug|Any CPU
		{78BDD3CB-C0DE-4B9E-A7ED-DE8BC18C3A9C}.Debug|Any CPU.Build.0 = Debug|Any CPU
		{78BDD3CB-C0DE-4B9E-A7ED-DE8BC18C3A9C}.Release|Any CPU.ActiveCfg = Release|Any CPU
		{78BDD3CB-C0DE-4B9E-A7ED-DE8BC18C3A9C}.Release|Any CPU.Build.0 = Release|Any CPU
		{F741190A-9922-4EE7-AAF8-D476FFA1144D}.Debug|Any CPU.ActiveCfg = Debug|Any CPU
		{F741190A-9922-4EE7-AAF8-D476FFA1144D}.Debug|Any CPU.Build.0 = Debug|Any CPU
		{F741190A-9922-4EE7-AAF8-D476FFA1144D}.Release|Any CPU.ActiveCfg = Release|Any CPU
		{F741190A-9922-4EE7-AAF8-D476FFA1144D}.Release|Any CPU.Build.0 = Release|Any CPU
		{971489B2-87E4-48A2-8860-73C3578120BA}.Debug|Any CPU.ActiveCfg = Debug|Any CPU
		{971489B2-87E4-48A2-8860-73C3578120BA}.Debug|Any CPU.Build.0 = Debug|Any CPU
		{971489B2-87E4-48A2-8860-73C3578120BA}.Release|Any CPU.ActiveCfg = Release|Any CPU
		{971489B2-87E4-48A2-8860-73C3578120BA}.Release|Any CPU.Build.0 = Release|Any CPU
	EndGlobalSection
	GlobalSection(SolutionProperties) = preSolution
		HideSolutionNode = FALSE
	EndGlobalSection
	GlobalSection(NestedProjects) = preSolution
		{DF7E7B9C-3F91-453F-A4E3-3EE0F5595A12} = {C2490A03-2780-4798-991A-265D1A97E7E2}
		{9290E096-D552-47E9-B4F7-8608983E48F5} = {7295BE6A-F7A6-45B0-9588-1AFD68ADCE54}
		{90E219E4-C4DA-4A34-AC48-850125BE59B7} = {C2490A03-2780-4798-991A-265D1A97E7E2}
		{B8729F72-EBFF-45E6-BDC4-A2824482365A} = {7295BE6A-F7A6-45B0-9588-1AFD68ADCE54}
		{EB47B2CF-2CCE-4D3A-91E7-592454349D89} = {C2490A03-2780-4798-991A-265D1A97E7E2}
		{78BDD3CB-C0DE-4B9E-A7ED-DE8BC18C3A9C} = {7295BE6A-F7A6-45B0-9588-1AFD68ADCE54}
		{F741190A-9922-4EE7-AAF8-D476FFA1144D} = {C2490A03-2780-4798-991A-265D1A97E7E2}
		{971489B2-87E4-48A2-8860-73C3578120BA} = {7295BE6A-F7A6-45B0-9588-1AFD68ADCE54}
	EndGlobalSection
	GlobalSection(ExtensibilityGlobals) = postSolution
		SolutionGuid = {4B5A26C9-68C1-49D9-9F32-AF907A1730C2}
	EndGlobalSection
EndGlobal
